
Microsoft Visual Studio Solution File, Format Version 12.00
# Visual Studio Version 16
VisualStudioVersion = 16.0.30204.135
MinimumVisualStudioVersion = 10.0.40219.1
Project("{FAE04EC0-301F-11D3-BF4B-00C04F79EFBC}") = "TableSoftEmail", "TableSoftEmail\TableSoftEmail.csproj", "{98CB51C4-72BC-42BB-956E-FAD393C6CA4D}"
EndProject
Global
	GlobalSection(SolutionConfigurationPlatforms) = preSolution
		Debug|Any CPU = Debug|Any CPU
		Release|Any CPU = Release|Any CPU
	EndGlobalSection
	GlobalSection(ProjectConfigurationPlatforms) = postSolution
		{98CB51C4-72BC-42BB-956E-FAD393C6CA4D}.Debug|Any CPU.ActiveCfg = Debug|Any CPU
		{98CB51C4-72BC-42BB-956E-FAD393C6CA4D}.Debug|Any CPU.Build.0 = Debug|Any CPU
		{98CB51C4-72BC-42BB-956E-FAD393C6CA4D}.Release|Any CPU.ActiveCfg = Release|Any CPU
		{98CB51C4-72BC-42BB-956E-FAD393C6CA4D}.Release|Any CPU.Build.0 = Release|Any CPU
	EndGlobalSection
	GlobalSection(SolutionProperties) = preSolution
		HideSolutionNode = FALSE
	EndGlobalSection
	GlobalSection(ExtensibilityGlobals) = postSolution
		SolutionGuid = {C9C2F281-AA38-4170-8CDC-3837E99934E4}
	EndGlobalSection
EndGlobal
